
Microsoft Visual Studio Solution File, Format Version 12.00
# Visual Studio 15
VisualStudioVersion = 15.0.28307.572
MinimumVisualStudioVersion = 10.0.40219.1
Project("{FAE04EC0-301F-11D3-BF4B-00C04F79EFBC}") = "DemoApp", "DemoApp\DemoApp.csproj", "{C7D59A69-1C0F-44B5-B318-BE389F3C12F4}"
EndProject
Project("{9A19103F-16F7-4668-BE54-9A1E7A4F7556}") = "AlarmLibrary", "AlarmLibrary\AlarmLibrary.csproj", "{C541A7AE-CA4B-4F00-BAFB-BE321CE60B1E}"
EndProject
Project("{FAE04EC0-301F-11D3-BF4B-00C04F79EFBC}") = "FlightLibrary", "FlightLibrary\FlightLibrary.csproj", "{23DB2B7D-BD2E-4BB1-AC6E-F70F45CC4ADE}"
EndProject
Global
	GlobalSection(SolutionConfigurationPlatforms) = preSolution
		Debug|Any CPU = Debug|Any CPU
		Release|Any CPU = Release|Any CPU
	EndGlobalSection
	GlobalSection(ProjectConfigurationPlatforms) = postSolution
		{C7D59A69-1C0F-44B5-B318-BE389F3C12F4}.Debug|Any CPU.ActiveCfg = Debug|Any CPU
		{C7D59A69-1C0F-44B5-B318-BE389F3C12F4}.Debug|Any CPU.Build.0 = Debug|Any CPU
		{C7D59A69-1C0F-44B5-B318-BE389F3C12F4}.Release|Any CPU.ActiveCfg = Release|Any CPU
		{C7D59A69-1C0F-44B5-B318-BE389F3C12F4}.Release|Any CPU.Build.0 = Release|Any CPU
		{C541A7AE-CA4B-4F00-BAFB-BE321CE60B1E}.Debug|Any CPU.ActiveCfg = Debug|Any CPU
		{C541A7AE-CA4B-4F00-BAFB-BE321CE60B1E}.Debug|Any CPU.Build.0 = Debug|Any CPU
		{C541A7AE-CA4B-4F00-BAFB-BE321CE60B1E}.Release|Any CPU.ActiveCfg = Release|Any CPU
		{C541A7AE-CA4B-4F00-BAFB-BE321CE60B1E}.Release|Any CPU.Build.0 = Release|Any CPU
		{23DB2B7D-BD2E-4BB1-AC6E-F70F45CC4ADE}.Debug|Any CPU.ActiveCfg = Debug|Any CPU
		{23DB2B7D-BD2E-4BB1-AC6E-F70F45CC4ADE}.Debug|Any CPU.Build.0 = Debug|Any CPU
		{23DB2B7D-BD2E-4BB1-AC6E-F70F45CC4ADE}.Release|Any CPU.ActiveCfg = Release|Any CPU
		{23DB2B7D-BD2E-4BB1-AC6E-F70F45CC4ADE}.Release|Any CPU.Build.0 = Release|Any CPU
	EndGlobalSection
	GlobalSection(SolutionProperties) = preSolution
		HideSolutionNode = FALSE
	EndGlobalSection
	GlobalSection(ExtensibilityGlobals) = postSolution
		SolutionGuid = {B34DF94C-642C-451A-99AC-67167885D5D0}
	EndGlobalSection
EndGlobal
